{
  "version": 4,
  "terraform_version": "1.3.9",
  "serial": 1,
  "lineage": "58f37152-6437-eadb-a4d9-a64bd7615000",
  "outputs": {},
  "resources": [
    {
      "mode": "managed",
      "type": "aws_vpc",
      "name": "main",
      "provider": "provider[\"registry.terraform.io/hashicorp/aws\"]",
      "instances": [
        {
          "schema_version": 1,
          "attributes": {
            "arn": "arn:aws:ec2:us-east-1:785169158894:vpc/vpc-060898ca969f4d25a",
            "assign_generated_ipv6_cidr_block": false,
            "cidr_block": "10.0.0.0/16",
            "default_network_acl_id": "acl-08cab002b2d9c379e",
            "default_route_table_id": "rtb-0e7089044c045422e",
            "default_security_group_id": "sg-01d9243d2fafe1844",
            "dhcp_options_id": "dopt-0c0c93d52d87e640e",
            "enable_dns_hostnames": true,
            "enable_dns_support": true,
            "enable_network_address_usage_metrics": false,
            "id": "vpc-060898ca969f4d25a",
            "instance_tenancy": "default",
            "ipv4_ipam_pool_id": null,
            "ipv4_netmask_length": null,
            "ipv6_association_id": "",
            "ipv6_cidr_block": "",
            "ipv6_cidr_block_network_border_group": "",
            "ipv6_ipam_pool_id": "",
            "ipv6_netmask_length": 0,
            "main_route_table_id": "rtb-0e7089044c045422e",
            "owner_id": "785169158894",
            "tags": {
              "Name": "yannick-vpc",
              "env": "Dev"
            },
            "tags_all": {
              "Name": "yannick-vpc",
              "env": "Dev"
            }
          },
          "sensitive_attributes": [],
          "private": "eyJzY2hlbWFfdmVyc2lvbiI6IjEifQ=="
        }
      ]
    }
  ],
  "check_results": null
}
